
Microsoft Visual Studio Solution File, Format Version 12.00
# Visual Studio Version 17
VisualStudioVersion = 17.2.32526.322
MinimumVisualStudioVersion = 10.0.40219.1
Project("{9A19103F-16F7-4668-BE54-9A1E7A4F7556}") = "aura-web-blazor", "aura-web-blazor\aura-web-blazor.csproj", "{042B1D13-05B6-48C8-B503-F9B2137132D4}"
EndProject
Global
	GlobalSection(SolutionConfigurationPlatforms) = preSolution
		Debug|Any CPU = Debug|Any CPU
		Release|Any CPU = Release|Any CPU
	EndGlobalSection
	GlobalSection(ProjectConfigurationPlatforms) = postSolution
		{042B1D13-05B6-48C8-B503-F9B2137132D4}.Debug|Any CPU.ActiveCfg = Debug|Any CPU
		{042B1D13-05B6-48C8-B503-F9B2137132D4}.Debug|Any CPU.Build.0 = Debug|Any CPU
		{042B1D13-05B6-48C8-B503-F9B2137132D4}.Release|Any CPU.ActiveCfg = Release|Any CPU
		{042B1D13-05B6-48C8-B503-F9B2137132D4}.Release|Any CPU.Build.0 = Release|Any CPU
	EndGlobalSection
	GlobalSection(SolutionProperties) = preSolution
		HideSolutionNode = FALSE
	EndGlobalSection
	GlobalSection(ExtensibilityGlobals) = postSolution
		SolutionGuid = {32796085-4C58-4BAB-944E-CC28741CBA9E}
	EndGlobalSection
EndGlobal
